
Microsoft Visual Studio Solution File, Format Version 12.00
# Visual Studio Version 16
VisualStudioVersion = 16.0.30907.101
MinimumVisualStudioVersion = 10.0.40219.1
Project("{00D1A9C2-B5F0-4AF3-8072-F6C62B433612}") = "JZR.SurveyMaker.DB", "JZR.SurveyMaker.DB\JZR.SurveyMaker.DB.sqlproj", "{BD081FE7-D547-4FCF-BDC7-3AE2171A479F}"
EndProject
Project("{9A19103F-16F7-4668-BE54-9A1E7A4F7556}") = "JZR.SurveyMaker.PL", "JZR.SurveyMaker.PL\JZR.SurveyMaker.PL.csproj", "{3F5DD46C-6E5D-4415-AD52-40906DD9A2B5}"
EndProject
Project("{9A19103F-16F7-4668-BE54-9A1E7A4F7556}") = "JZR.SurveyMaker.BL.Models", "JZR.SurveyMaker.BL.Models\JZR.SurveyMaker.BL.Models.csproj", "{A6783706-D201-47B9-81BA-DAA41C7CF879}"
EndProject
Project("{9A19103F-16F7-4668-BE54-9A1E7A4F7556}") = "JZR.SurveyMaker.PL.Test", "JZR.SurveyMaker.PL.Test\JZR.SurveyMaker.PL.Test.csproj", "{F28F9628-DCE7-4572-965F-19E902E819B8}"
EndProject
Project("{9A19103F-16F7-4668-BE54-9A1E7A4F7556}") = "JZR.SurveyMaker.BL", "JZR.SurveyMaker.BL\JZR.SurveyMaker.BL.csproj", "{77E8EA69-AF12-4795-A528-6578AA13C314}"
EndProject
Project("{9A19103F-16F7-4668-BE54-9A1E7A4F7556}") = "JZR.SurveyMaker.BL.Test", "JZR.SurveyMaker.BL.Test\JZR.SurveyMaker.BL.Test.csproj", "{92A45B83-FA6E-463D-8CCD-D78E86FB5B1A}"
EndProject
Project("{9A19103F-16F7-4668-BE54-9A1E7A4F7556}") = "JZR.SurveyMaker.UI", "JZR.SurveyMaker.UI\JZR.SurveyMaker.UI.csproj", "{7777E2A1-2E82-4698-AAE9-165924BC5E6F}"
EndProject
Project("{9A19103F-16F7-4668-BE54-9A1E7A4F7556}") = "TeamC.SurveyMaker.Activator", "TeamC.SurveyMaker.Activator\TeamC.SurveyMaker.Activator.csproj", "{B17727A5-1A96-4DAE-B6FC-64D17B2B9671}"
EndProject
Project("{9A19103F-16F7-4668-BE54-9A1E7A4F7556}") = "TeamC.SurveyMaker.Quizzer", "TeamC.SurveyMaker.Quizzer\TeamC.SurveyMaker.Quizzer.csproj", "{E0D528B1-2BC7-40BA-874E-A57292D73CAA}"
EndProject
Project("{9A19103F-16F7-4668-BE54-9A1E7A4F7556}") = "TeamC.SurveyMaker.API", "TeamC.SurveyMaker.API\TeamC.SurveyMaker.API.csproj", "{0A5F0715-1BA1-4FB8-B899-CE15DF79F16B}"
EndProject
Project("{FAE04EC0-301F-11D3-BF4B-00C04F79EFBC}") = "TeamC.Quizzer.Mobile.Android", "TeamC.Quizzer.Mobile\TeamC.Quizzer.Mobile.Android\TeamC.Quizzer.Mobile.Android.csproj", "{5E5CF747-89CA-4747-BE7E-8F8B631B73C0}"
EndProject
Project("{FAE04EC0-301F-11D3-BF4B-00C04F79EFBC}") = "TeamC.Quizzer.Mobile.iOS", "TeamC.Quizzer.Mobile\TeamC.Quizzer.Mobile.iOS\TeamC.Quizzer.Mobile.iOS.csproj", "{ED834BB3-B860-4754-B448-DF58919BE7F0}"
EndProject
Project("{9A19103F-16F7-4668-BE54-9A1E7A4F7556}") = "TeamC.Quizzer.Mobile", "TeamC.Quizzer.Mobile\TeamC.Quizzer.Mobile\TeamC.Quizzer.Mobile.csproj", "{8C380803-9BAB-4C02-96CF-91823B22977D}"
EndProject
Project("{FAE04EC0-301F-11D3-BF4B-00C04F79EFBC}") = "TeamC.SurveyMaker.API.Test", "TeamC.SurveyMaker.API.Test\TeamC.SurveyMaker.API.Test.csproj", "{0055666B-9BBD-4172-8A01-0A02EB587C9C}"
EndProject
Global
	GlobalSection(SolutionConfigurationPlatforms) = preSolution
		Debug|Any CPU = Debug|Any CPU
		Debug|iPhone = Debug|iPhone
		Debug|iPhoneSimulator = Debug|iPhoneSimulator
		Release|Any CPU = Release|Any CPU
		Release|iPhone = Release|iPhone
		Release|iPhoneSimulator = Release|iPhoneSimulator
	EndGlobalSection
	GlobalSection(ProjectConfigurationPlatforms) = postSolution
		{BD081FE7-D547-4FCF-BDC7-3AE2171A479F}.Debug|Any CPU.ActiveCfg = Debug|Any CPU
		{BD081FE7-D547-4FCF-BDC7-3AE2171A479F}.Debug|Any CPU.Build.0 = Debug|Any CPU
		{BD081FE7-D547-4FCF-BDC7-3AE2171A479F}.Debug|Any CPU.Deploy.0 = Debug|Any CPU
		{BD081FE7-D547-4FCF-BDC7-3AE2171A479F}.Debug|iPhone.ActiveCfg = Debug|Any CPU
		{BD081FE7-D547-4FCF-BDC7-3AE2171A479F}.Debug|iPhone.Build.0 = Debug|Any CPU
		{BD081FE7-D547-4FCF-BDC7-3AE2171A479F}.Debug|iPhone.Deploy.0 = Debug|Any CPU
		{BD081FE7-D547-4FCF-BDC7-3AE2171A479F}.Debug|iPhoneSimulator.ActiveCfg = Debug|Any CPU
		{BD081FE7-D547-4FCF-BDC7-3AE2171A479F}.Debug|iPhoneSimulator.Build.0 = Debug|Any CPU
		{BD081FE7-D547-4FCF-BDC7-3AE2171A479F}.Debug|iPhoneSimulator.Deploy.0 = Debug|Any CPU
		{BD081FE7-D547-4FCF-BDC7-3AE2171A479F}.Release|Any CPU.ActiveCfg = Release|Any CPU
		{BD081FE7-D547-4FCF-BDC7-3AE2171A479F}.Release|Any CPU.Build.0 = Release|Any CPU
		{BD081FE7-D547-4FCF-BDC7-3AE2171A479F}.Release|Any CPU.Deploy.0 = Release|Any CPU
		{BD081FE7-D547-4FCF-BDC7-3AE2171A479F}.Release|iPhone.ActiveCfg = Release|Any CPU
		{BD081FE7-D547-4FCF-BDC7-3AE2171A479F}.Release|iPhone.Build.0 = Release|Any CPU
		{BD081FE7-D547-4FCF-BDC7-3AE2171A479F}.Release|iPhone.Deploy.0 = Release|Any CPU
		{BD081FE7-D547-4FCF-BDC7-3AE2171A479F}.Release|iPhoneSimulator.ActiveCfg = Release|Any CPU
		{BD081FE7-D547-4FCF-BDC7-3AE2171A479F}.Release|iPhoneSimulator.Build.0 = Release|Any CPU
		{BD081FE7-D547-4FCF-BDC7-3AE2171A479F}.Release|iPhoneSimulator.Deploy.0 = Release|Any CPU
		{3F5DD46C-6E5D-4415-AD52-40906DD9A2B5}.Debug|Any CPU.ActiveCfg = Debug|Any CPU
		{3F5DD46C-6E5D-4415-AD52-40906DD9A2B5}.Debug|Any CPU.Build.0 = Debug|Any CPU
		{3F5DD46C-6E5D-4415-AD52-40906DD9A2B5}.Debug|iPhone.ActiveCfg = Debug|Any CPU
		{3F5DD46C-6E5D-4415-AD52-40906DD9A2B5}.Debug|iPhone.Build.0 = Debug|Any CPU
		{3F5DD46C-6E5D-4415-AD52-40906DD9A2B5}.Debug|iPhoneSimulator.ActiveCfg = Debug|Any CPU
		{3F5DD46C-6E5D-4415-AD52-40906DD9A2B5}.Debug|iPhoneSimulator.Build.0 = Debug|Any CPU
		{3F5DD46C-6E5D-4415-AD52-40906DD9A2B5}.Release|Any CPU.ActiveCfg = Release|Any CPU
		{3F5DD46C-6E5D-4415-AD52-40906DD9A2B5}.Release|Any CPU.Build.0 = Release|Any CPU
		{3F5DD46C-6E5D-4415-AD52-40906DD9A2B5}.Release|iPhone.ActiveCfg = Release|Any CPU
		{3F5DD46C-6E5D-4415-AD52-40906DD9A2B5}.Release|iPhone.Build.0 = Release|Any CPU
		{3F5DD46C-6E5D-4415-AD52-40906DD9A2B5}.Release|iPhoneSimulator.ActiveCfg = Release|Any CPU
		{3F5DD46C-6E5D-4415-AD52-40906DD9A2B5}.Release|iPhoneSimulator.Build.0 = Release|Any CPU
		{A6783706-D201-47B9-81BA-DAA41C7CF879}.Debug|Any CPU.ActiveCfg = Debug|Any CPU
		{A6783706-D201-47B9-81BA-DAA41C7CF879}.Debug|Any CPU.Build.0 = Debug|Any CPU
		{A6783706-D201-47B9-81BA-DAA41C7CF879}.Debug|iPhone.ActiveCfg = Debug|Any CPU
		{A6783706-D201-47B9-81BA-DAA41C7CF879}.Debug|iPhone.Build.0 = Debug|Any CPU
		{A6783706-D201-47B9-81BA-DAA41C7CF879}.Debug|iPhoneSimulator.ActiveCfg = Debug|Any CPU
		{A6783706-D201-47B9-81BA-DAA41C7CF879}.Debug|iPhoneSimulator.Build.0 = Debug|Any CPU
		{A6783706-D201-47B9-81BA-DAA41C7CF879}.Release|Any CPU.ActiveCfg = Release|Any CPU
		{A6783706-D201-47B9-81BA-DAA41C7CF879}.Release|Any CPU.Build.0 = Release|Any CPU
		{A6783706-D201-47B9-81BA-DAA41C7CF879}.Release|iPhone.ActiveCfg = Release|Any CPU
		{A6783706-D201-47B9-81BA-DAA41C7CF879}.Release|iPhone.Build.0 = Release|Any CPU
		{A6783706-D201-47B9-81BA-DAA41C7CF879}.Release|iPhoneSimulator.ActiveCfg = Release|Any CPU
		{A6783706-D201-47B9-81BA-DAA41C7CF879}.Release|iPhoneSimulator.Build.0 = Release|Any CPU
		{F28F9628-DCE7-4572-965F-19E902E819B8}.Debug|Any CPU.ActiveCfg = Debug|Any CPU
		{F28F9628-DCE7-4572-965F-19E902E819B8}.Debug|Any CPU.Build.0 = Debug|Any CPU
		{F28F9628-DCE7-4572-965F-19E902E819B8}.Debug|iPhone.ActiveCfg = Debug|Any CPU
		{F28F9628-DCE7-4572-965F-19E902E819B8}.Debug|iPhone.Build.0 = Debug|Any CPU
		{F28F9628-DCE7-4572-965F-19E902E819B8}.Debug|iPhoneSimulator.ActiveCfg = Debug|Any CPU
		{F28F9628-DCE7-4572-965F-19E902E819B8}.Debug|iPhoneSimulator.Build.0 = Debug|Any CPU
		{F28F9628-DCE7-4572-965F-19E902E819B8}.Release|Any CPU.ActiveCfg = Release|Any CPU
		{F28F9628-DCE7-4572-965F-19E902E819B8}.Release|Any CPU.Build.0 = Release|Any CPU
		{F28F9628-DCE7-4572-965F-19E902E819B8}.Release|iPhone.ActiveCfg = Release|Any CPU
		{F28F9628-DCE7-4572-965F-19E902E819B8}.Release|iPhone.Build.0 = Release|Any CPU
		{F28F9628-DCE7-4572-965F-19E902E819B8}.Release|iPhoneSimulator.ActiveCfg = Release|Any CPU
		{F28F9628-DCE7-4572-965F-19E902E819B8}.Release|iPhoneSimulator.Build.0 = Release|Any CPU
		{77E8EA69-AF12-4795-A528-6578AA13C314}.Debug|Any CPU.ActiveCfg = Debug|Any CPU
		{77E8EA69-AF12-4795-A528-6578AA13C314}.Debug|Any CPU.Build.0 = Debug|Any CPU
		{77E8EA69-AF12-4795-A528-6578AA13C314}.Debug|iPhone.ActiveCfg = Debug|Any CPU
		{77E8EA69-AF12-4795-A528-6578AA13C314}.Debug|iPhone.Build.0 = Debug|Any CPU
		{77E8EA69-AF12-4795-A528-6578AA13C314}.Debug|iPhoneSimulator.ActiveCfg = Debug|Any CPU
		{77E8EA69-AF12-4795-A528-6578AA13C314}.Debug|iPhoneSimulator.Build.0 = Debug|Any CPU
		{77E8EA69-AF12-4795-A528-6578AA13C314}.Release|Any CPU.ActiveCfg = Release|Any CPU
		{77E8EA69-AF12-4795-A528-6578AA13C314}.Release|Any CPU.Build.0 = Release|Any CPU
		{77E8EA69-AF12-4795-A528-6578AA13C314}.Release|iPhone.ActiveCfg = Release|Any CPU
		{77E8EA69-AF12-4795-A528-6578AA13C314}.Release|iPhone.Build.0 = Release|Any CPU
		{77E8EA69-AF12-4795-A528-6578AA13C314}.Release|iPhoneSimulator.ActiveCfg = Release|Any CPU
		{77E8EA69-AF12-4795-A528-6578AA13C314}.Release|iPhoneSimulator.Build.0 = Release|Any CPU
		{92A45B83-FA6E-463D-8CCD-D78E86FB5B1A}.Debug|Any CPU.ActiveCfg = Debug|Any CPU
		{92A45B83-FA6E-463D-8CCD-D78E86FB5B1A}.Debug|Any CPU.Build.0 = Debug|Any CPU
		{92A45B83-FA6E-463D-8CCD-D78E86FB5B1A}.Debug|iPhone.ActiveCfg = Debug|Any CPU
		{92A45B83-FA6E-463D-8CCD-D78E86FB5B1A}.Debug|iPhone.Build.0 = Debug|Any CPU
		{92A45B83-FA6E-463D-8CCD-D78E86FB5B1A}.Debug|iPhoneSimulator.ActiveCfg = Debug|Any CPU
		{92A45B83-FA6E-463D-8CCD-D78E86FB5B1A}.Debug|iPhoneSimulator.Build.0 = Debug|Any CPU
		{92A45B83-FA6E-463D-8CCD-D78E86FB5B1A}.Release|Any CPU.ActiveCfg = Release|Any CPU
		{92A45B83-FA6E-463D-8CCD-D78E86FB5B1A}.Release|Any CPU.Build.0 = Release|Any CPU
		{92A45B83-FA6E-463D-8CCD-D78E86FB5B1A}.Release|iPhone.ActiveCfg = Release|Any CPU
		{92A45B83-FA6E-463D-8CCD-D78E86FB5B1A}.Release|iPhone.Build.0 = Release|Any CPU
		{92A45B83-FA6E-463D-8CCD-D78E86FB5B1A}.Release|iPhoneSimulator.ActiveCfg = Release|Any CPU
		{92A45B83-FA6E-463D-8CCD-D78E86FB5B1A}.Release|iPhoneSimulator.Build.0 = Release|Any CPU
		{7777E2A1-2E82-4698-AAE9-165924BC5E6F}.Debug|Any CPU.ActiveCfg = Debug|Any CPU
		{7777E2A1-2E82-4698-AAE9-165924BC5E6F}.Debug|Any CPU.Build.0 = Debug|Any CPU
		{7777E2A1-2E82-4698-AAE9-165924BC5E6F}.Debug|iPhone.ActiveCfg = Debug|Any CPU
		{7777E2A1-2E82-4698-AAE9-165924BC5E6F}.Debug|iPhone.Build.0 = Debug|Any CPU
		{7777E2A1-2E82-4698-AAE9-165924BC5E6F}.Debug|iPhoneSimulator.ActiveCfg = Debug|Any CPU
		{7777E2A1-2E82-4698-AAE9-165924BC5E6F}.Debug|iPhoneSimulator.Build.0 = Debug|Any CPU
		{7777E2A1-2E82-4698-AAE9-165924BC5E6F}.Release|Any CPU.ActiveCfg = Release|Any CPU
		{7777E2A1-2E82-4698-AAE9-165924BC5E6F}.Release|Any CPU.Build.0 = Release|Any CPU
		{7777E2A1-2E82-4698-AAE9-165924BC5E6F}.Release|iPhone.ActiveCfg = Release|Any CPU
		{7777E2A1-2E82-4698-AAE9-165924BC5E6F}.Release|iPhone.Build.0 = Release|Any CPU
		{7777E2A1-2E82-4698-AAE9-165924BC5E6F}.Release|iPhoneSimulator.ActiveCfg = Release|Any CPU
		{7777E2A1-2E82-4698-AAE9-165924BC5E6F}.Release|iPhoneSimulator.Build.0 = Release|Any CPU
		{B17727A5-1A96-4DAE-B6FC-64D17B2B9671}.Debug|Any CPU.ActiveCfg = Debug|Any CPU
		{B17727A5-1A96-4DAE-B6FC-64D17B2B9671}.Debug|Any CPU.Build.0 = Debug|Any CPU
		{B17727A5-1A96-4DAE-B6FC-64D17B2B9671}.Debug|iPhone.ActiveCfg = Debug|Any CPU
		{B17727A5-1A96-4DAE-B6FC-64D17B2B9671}.Debug|iPhone.Build.0 = Debug|Any CPU
		{B17727A5-1A96-4DAE-B6FC-64D17B2B9671}.Debug|iPhoneSimulator.ActiveCfg = Debug|Any CPU
		{B17727A5-1A96-4DAE-B6FC-64D17B2B9671}.Debug|iPhoneSimulator.Build.0 = Debug|Any CPU
		{B17727A5-1A96-4DAE-B6FC-64D17B2B9671}.Release|Any CPU.ActiveCfg = Release|Any CPU
		{B17727A5-1A96-4DAE-B6FC-64D17B2B9671}.Release|Any CPU.Build.0 = Release|Any CPU
		{B17727A5-1A96-4DAE-B6FC-64D17B2B9671}.Release|iPhone.ActiveCfg = Release|Any CPU
		{B17727A5-1A96-4DAE-B6FC-64D17B2B9671}.Release|iPhone.Build.0 = Release|Any CPU
		{B17727A5-1A96-4DAE-B6FC-64D17B2B9671}.Release|iPhoneSimulator.ActiveCfg = Release|Any CPU
		{B17727A5-1A96-4DAE-B6FC-64D17B2B9671}.Release|iPhoneSimulator.Build.0 = Release|Any CPU
		{E0D528B1-2BC7-40BA-874E-A57292D73CAA}.Debug|Any CPU.ActiveCfg = Debug|Any CPU
		{E0D528B1-2BC7-40BA-874E-A57292D73CAA}.Debug|Any CPU.Build.0 = Debug|Any CPU
		{E0D528B1-2BC7-40BA-874E-A57292D73CAA}.Debug|iPhone.ActiveCfg = Debug|Any CPU
		{E0D528B1-2BC7-40BA-874E-A57292D73CAA}.Debug|iPhone.Build.0 = Debug|Any CPU
		{E0D528B1-2BC7-40BA-874E-A57292D73CAA}.Debug|iPhoneSimulator.ActiveCfg = Debug|Any CPU
		{E0D528B1-2BC7-40BA-874E-A57292D73CAA}.Debug|iPhoneSimulator.Build.0 = Debug|Any CPU
		{E0D528B1-2BC7-40BA-874E-A57292D73CAA}.Release|Any CPU.ActiveCfg = Release|Any CPU
		{E0D528B1-2BC7-40BA-874E-A57292D73CAA}.Release|Any CPU.Build.0 = Release|Any CPU
		{E0D528B1-2BC7-40BA-874E-A57292D73CAA}.Release|iPhone.ActiveCfg = Release|Any CPU
		{E0D528B1-2BC7-40BA-874E-A57292D73CAA}.Release|iPhone.Build.0 = Release|Any CPU
		{E0D528B1-2BC7-40BA-874E-A57292D73CAA}.Release|iPhoneSimulator.ActiveCfg = Release|Any CPU
		{E0D528B1-2BC7-40BA-874E-A57292D73CAA}.Release|iPhoneSimulator.Build.0 = Release|Any CPU
		{0A5F0715-1BA1-4FB8-B899-CE15DF79F16B}.Debug|Any CPU.ActiveCfg = Debug|Any CPU
		{0A5F0715-1BA1-4FB8-B899-CE15DF79F16B}.Debug|Any CPU.Build.0 = Debug|Any CPU
		{0A5F0715-1BA1-4FB8-B899-CE15DF79F16B}.Debug|iPhone.ActiveCfg = Debug|Any CPU
		{0A5F0715-1BA1-4FB8-B899-CE15DF79F16B}.Debug|iPhone.Build.0 = Debug|Any CPU
		{0A5F0715-1BA1-4FB8-B899-CE15DF79F16B}.Debug|iPhoneSimulator.ActiveCfg = Debug|Any CPU
		{0A5F0715-1BA1-4FB8-B899-CE15DF79F16B}.Debug|iPhoneSimulator.Build.0 = Debug|Any CPU
		{0A5F0715-1BA1-4FB8-B899-CE15DF79F16B}.Release|Any CPU.ActiveCfg = Release|Any CPU
		{0A5F0715-1BA1-4FB8-B899-CE15DF79F16B}.Release|Any CPU.Build.0 = Release|Any CPU
		{0A5F0715-1BA1-4FB8-B899-CE15DF79F16B}.Release|iPhone.ActiveCfg = Release|Any CPU
		{0A5F0715-1BA1-4FB8-B899-CE15DF79F16B}.Release|iPhone.Build.0 = Release|Any CPU
		{0A5F0715-1BA1-4FB8-B899-CE15DF79F16B}.Release|iPhoneSimulator.ActiveCfg = Release|Any CPU
		{0A5F0715-1BA1-4FB8-B899-CE15DF79F16B}.Release|iPhoneSimulator.Build.0 = Release|Any CPU
		{5E5CF747-89CA-4747-BE7E-8F8B631B73C0}.Debug|Any CPU.ActiveCfg = Debug|Any CPU
		{5E5CF747-89CA-4747-BE7E-8F8B631B73C0}.Debug|Any CPU.Build.0 = Debug|Any CPU
		{5E5CF747-89CA-4747-BE7E-8F8B631B73C0}.Debug|Any CPU.Deploy.0 = Debug|Any CPU
		{5E5CF747-89CA-4747-BE7E-8F8B631B73C0}.Debug|iPhone.ActiveCfg = Debug|Any CPU
		{5E5CF747-89CA-4747-BE7E-8F8B631B73C0}.Debug|iPhone.Build.0 = Debug|Any CPU
		{5E5CF747-89CA-4747-BE7E-8F8B631B73C0}.Debug|iPhone.Deploy.0 = Debug|Any CPU
		{5E5CF747-89CA-4747-BE7E-8F8B631B73C0}.Debug|iPhoneSimulator.ActiveCfg = Debug|Any CPU
		{5E5CF747-89CA-4747-BE7E-8F8B631B73C0}.Debug|iPhoneSimulator.Build.0 = Debug|Any CPU
		{5E5CF747-89CA-4747-BE7E-8F8B631B73C0}.Debug|iPhoneSimulator.Deploy.0 = Debug|Any CPU
		{5E5CF747-89CA-4747-BE7E-8F8B631B73C0}.Release|Any CPU.ActiveCfg = Release|Any CPU
		{5E5CF747-89CA-4747-BE7E-8F8B631B73C0}.Release|Any CPU.Build.0 = Release|Any CPU
		{5E5CF747-89CA-4747-BE7E-8F8B631B73C0}.Release|Any CPU.Deploy.0 = Release|Any CPU
		{5E5CF747-89CA-4747-BE7E-8F8B631B73C0}.Release|iPhone.ActiveCfg = Release|Any CPU
		{5E5CF747-89CA-4747-BE7E-8F8B631B73C0}.Release|iPhone.Build.0 = Release|Any CPU
		{5E5CF747-89CA-4747-BE7E-8F8B631B73C0}.Release|iPhone.Deploy.0 = Release|Any CPU
		{5E5CF747-89CA-4747-BE7E-8F8B631B73C0}.Release|iPhoneSimulator.ActiveCfg = Release|Any CPU
		{5E5CF747-89CA-4747-BE7E-8F8B631B73C0}.Release|iPhoneSimulator.Build.0 = Release|Any CPU
		{5E5CF747-89CA-4747-BE7E-8F8B631B73C0}.Release|iPhoneSimulator.Deploy.0 = Release|Any CPU
		{ED834BB3-B860-4754-B448-DF58919BE7F0}.Debug|Any CPU.ActiveCfg = Debug|iPhoneSimulator
		{ED834BB3-B860-4754-B448-DF58919BE7F0}.Debug|iPhone.ActiveCfg = Debug|iPhone
		{ED834BB3-B860-4754-B448-DF58919BE7F0}.Debug|iPhone.Build.0 = Debug|iPhone
		{ED834BB3-B860-4754-B448-DF58919BE7F0}.Debug|iPhoneSimulator.ActiveCfg = Debug|iPhoneSimulator
		{ED834BB3-B860-4754-B448-DF58919BE7F0}.Debug|iPhoneSimulator.Build.0 = Debug|iPhoneSimulator
		{ED834BB3-B860-4754-B448-DF58919BE7F0}.Release|Any CPU.ActiveCfg = Release|iPhoneSimulator
		{ED834BB3-B860-4754-B448-DF58919BE7F0}.Release|iPhone.ActiveCfg = Release|iPhone
		{ED834BB3-B860-4754-B448-DF58919BE7F0}.Release|iPhone.Build.0 = Release|iPhone
		{ED834BB3-B860-4754-B448-DF58919BE7F0}.Release|iPhoneSimulator.ActiveCfg = Release|iPhoneSimulator
		{ED834BB3-B860-4754-B448-DF58919BE7F0}.Release|iPhoneSimulator.Build.0 = Release|iPhoneSimulator
		{8C380803-9BAB-4C02-96CF-91823B22977D}.Debug|Any CPU.ActiveCfg = Debug|Any CPU
		{8C380803-9BAB-4C02-96CF-91823B22977D}.Debug|Any CPU.Build.0 = Debug|Any CPU
		{8C380803-9BAB-4C02-96CF-91823B22977D}.Debug|iPhone.ActiveCfg = Debug|Any CPU
		{8C380803-9BAB-4C02-96CF-91823B22977D}.Debug|iPhone.Build.0 = Debug|Any CPU
		{8C380803-9BAB-4C02-96CF-91823B22977D}.Debug|iPhoneSimulator.ActiveCfg = Debug|Any CPU
		{8C380803-9BAB-4C02-96CF-91823B22977D}.Debug|iPhoneSimulator.Build.0 = Debug|Any CPU
		{8C380803-9BAB-4C02-96CF-91823B22977D}.Release|Any CPU.ActiveCfg = Release|Any CPU
		{8C380803-9BAB-4C02-96CF-91823B22977D}.Release|Any CPU.Build.0 = Release|Any CPU
		{8C380803-9BAB-4C02-96CF-91823B22977D}.Release|iPhone.ActiveCfg = Release|Any CPU
		{8C380803-9BAB-4C02-96CF-91823B22977D}.Release|iPhone.Build.0 = Release|Any CPU
		{8C380803-9BAB-4C02-96CF-91823B22977D}.Release|iPhoneSimulator.ActiveCfg = Release|Any CPU
		{8C380803-9BAB-4C02-96CF-91823B22977D}.Release|iPhoneSimulator.Build.0 = Release|Any CPU
		{0055666B-9BBD-4172-8A01-0A02EB587C9C}.Debug|Any CPU.ActiveCfg = Debug|Any CPU
		{0055666B-9BBD-4172-8A01-0A02EB587C9C}.Debug|Any CPU.Build.0 = Debug|Any CPU
		{0055666B-9BBD-4172-8A01-0A02EB587C9C}.Debug|iPhone.ActiveCfg = Debug|Any CPU
		{0055666B-9BBD-4172-8A01-0A02EB587C9C}.Debug|iPhone.Build.0 = Debug|Any CPU
		{0055666B-9BBD-4172-8A01-0A02EB587C9C}.Debug|iPhoneSimulator.ActiveCfg = Debug|Any CPU
		{0055666B-9BBD-4172-8A01-0A02EB587C9C}.Debug|iPhoneSimulator.Build.0 = Debug|Any CPU
		{0055666B-9BBD-4172-8A01-0A02EB587C9C}.Release|Any CPU.ActiveCfg = Release|Any CPU
		{0055666B-9BBD-4172-8A01-0A02EB587C9C}.Release|Any CPU.Build.0 = Release|Any CPU
		{0055666B-9BBD-4172-8A01-0A02EB587C9C}.Release|iPhone.ActiveCfg = Release|Any CPU
		{0055666B-9BBD-4172-8A01-0A02EB587C9C}.Release|iPhone.Build.0 = Release|Any CPU
		{0055666B-9BBD-4172-8A01-0A02EB587C9C}.Release|iPhoneSimulator.ActiveCfg = Release|Any CPU
		{0055666B-9BBD-4172-8A01-0A02EB587C9C}.Release|iPhoneSimulator.Build.0 = Release|Any CPU
	EndGlobalSection
	GlobalSection(SolutionProperties) = preSolution
		HideSolutionNode = FALSE
	EndGlobalSection
	GlobalSection(ExtensibilityGlobals) = postSolution
		SolutionGuid = {BE04BB45-CEF4-40BA-9636-C442E83056D4}
	EndGlobalSection
EndGlobal
